
Microsoft Visual Studio Solution File, Format Version 12.00
# Visual Studio Version 17
VisualStudioVersion = 17.5.002.0
MinimumVisualStudioVersion = 10.0.40219.1
Project("{9A19103F-16F7-4668-BE54-9A1E7A4F7556}") = "DesafioProjetoHospedagem", "DesafioProjetoHospedagem.csproj", "{2743901F-D715-4685-8EBB-060ABB0CC8FE}"
EndProject
Global
	GlobalSection(SolutionConfigurationPlatforms) = preSolution
		Debug|Any CPU = Debug|Any CPU
		Release|Any CPU = Release|Any CPU
	EndGlobalSection
	GlobalSection(ProjectConfigurationPlatforms) = postSolution
		{2743901F-D715-4685-8EBB-060ABB0CC8FE}.Debug|Any CPU.ActiveCfg = Debug|Any CPU
		{2743901F-D715-4685-8EBB-060ABB0CC8FE}.Debug|Any CPU.Build.0 = Debug|Any CPU
		{2743901F-D715-4685-8EBB-060ABB0CC8FE}.Release|Any CPU.ActiveCfg = Release|Any CPU
		{2743901F-D715-4685-8EBB-060ABB0CC8FE}.Release|Any CPU.Build.0 = Release|Any CPU
	EndGlobalSection
	GlobalSection(SolutionProperties) = preSolution
		HideSolutionNode = FALSE
	EndGlobalSection
	GlobalSection(ExtensibilityGlobals) = postSolution
		SolutionGuid = {E60EA799-181A-41F4-95C3-416B48794B1C}
	EndGlobalSection
EndGlobal
